<?xml version="1.0" encoding="UTF-8" standalone="yes" ?>
<CodeBlocks_project_file>
	<FileVersion major="1" minor="6" />
	<Project>
		<Option title="Indices_IPC" />
		<Option pch_mode="2" />
		<Option compiler="gcc" />
		<Build>
			<Target title="Debug">
				<Option output="bin/Debug/Indices_IPC" prefix_auto="1" extension_auto="1" />
				<Option object_output="obj/Debug/" />
				<Option type="1" />
				<Option compiler="gcc" />
				<Compiler>
					<Add option="-g" />
				</Compiler>
				<Linker>
					<Add library="lib/libVector.a" />
				</Linker>
			</Target>
			<Target title="Release">
				<Option output="bin/Release/Indices_IPC" prefix_auto="1" extension_auto="1" />
				<Option object_output="obj/Release/" />
				<Option type="1" />
				<Option compiler="gcc" />
				<Compiler>
					<Add option="-O2" />
				</Compiler>
				<Linker>
					<Add option="-s" />
				</Linker>
			</Target>
		</Build>
		<Compiler>
			<Add option="-Wall" />
		</Compiler>
		<Unit filename="aperturas.c">
			<Option compilerVar="CC" />
		</Unit>
		<Unit filename="comun.c">
			<Option compilerVar="CC" />
		</Unit>
		<Unit filename="divisiones.c">
			<Option compilerVar="CC" />
		</Unit>
		<Unit filename="includes/aperturas.h" />
		<Unit filename="includes/comun.h" />
		<Unit filename="includes/divisiones.h" />
		<Unit filename="includes/string.h" />
		<Unit filename="includes/vector.h" />
		<Unit filename="main.c">
			<Option compilerVar="CC" />
		</Unit>
		<Unit filename="string.c">
			<Option compilerVar="CC" />
		</Unit>
		<Unit filename="vector.c">
			<Option compilerVar="CC" />
		</Unit>
		<Extensions />
	</Project>
</CodeBlocks_project_file>
